
Microsoft Visual Studio Solution File, Format Version 12.00
# Visual Studio Version 16
VisualStudioVersion = 16.0.30626.31
MinimumVisualStudioVersion = 10.0.40219.1
Project("{FAE04EC0-301F-11D3-BF4B-00C04F79EFBC}") = "GrokkingAlgorithmsExercises", "GrokkingAlgorithmsExercises\GrokkingAlgorithmsExercises.csproj", "{759345BC-6118-462E-BC5A-9C3C207C878A}"
EndProject
Global
	GlobalSection(SolutionConfigurationPlatforms) = preSolution
		Debug|Any CPU = Debug|Any CPU
		Release|Any CPU = Release|Any CPU
	EndGlobalSection
	GlobalSection(ProjectConfigurationPlatforms) = postSolution
		{759345BC-6118-462E-BC5A-9C3C207C878A}.Debug|Any CPU.ActiveCfg = Debug|Any CPU
		{759345BC-6118-462E-BC5A-9C3C207C878A}.Debug|Any CPU.Build.0 = Debug|Any CPU
		{759345BC-6118-462E-BC5A-9C3C207C878A}.Release|Any CPU.ActiveCfg = Release|Any CPU
		{759345BC-6118-462E-BC5A-9C3C207C878A}.Release|Any CPU.Build.0 = Release|Any CPU
	EndGlobalSection
	GlobalSection(SolutionProperties) = preSolution
		HideSolutionNode = FALSE
	EndGlobalSection
	GlobalSection(ExtensibilityGlobals) = postSolution
		SolutionGuid = {19C21472-C94D-454B-8463-6E0B645B17FA}
	EndGlobalSection
EndGlobal
